
Microsoft Visual Studio Solution File, Format Version 12.00
# Visual Studio 15
VisualStudioVersion = 15.0.27130.2003
MinimumVisualStudioVersion = 10.0.40219.1
Project("{FAE04EC0-301F-11D3-BF4B-00C04F79EFBC}") = "YaizlimYapimi", "YaizlimYapimi\YaizlimYapimi.csproj", "{EE081353-44DE-4531-80B2-ED59F3C30792}"
EndProject
Global
	GlobalSection(SolutionConfigurationPlatforms) = preSolution
		Debug|Any CPU = Debug|Any CPU
		Release|Any CPU = Release|Any CPU
	EndGlobalSection
	GlobalSection(ProjectConfigurationPlatforms) = postSolution
		{EE081353-44DE-4531-80B2-ED59F3C30792}.Debug|Any CPU.ActiveCfg = Debug|Any CPU
		{EE081353-44DE-4531-80B2-ED59F3C30792}.Debug|Any CPU.Build.0 = Debug|Any CPU
		{EE081353-44DE-4531-80B2-ED59F3C30792}.Release|Any CPU.ActiveCfg = Release|Any CPU
		{EE081353-44DE-4531-80B2-ED59F3C30792}.Release|Any CPU.Build.0 = Release|Any CPU
	EndGlobalSection
	GlobalSection(SolutionProperties) = preSolution
		HideSolutionNode = FALSE
	EndGlobalSection
	GlobalSection(ExtensibilityGlobals) = postSolution
		SolutionGuid = {89870BA6-FF59-4CE1-A57A-B190D68154BD}
	EndGlobalSection
EndGlobal
